{
    "name": "reinhold-pfand",
    "version": "1.0.0",
    "lockfileVersion": 3,
    "requires": true,
    "packages": {
        "": {
            "name": "reinhold-pfand",
            "version": "1.0.0",
            "license": "ISC",
            "devDependencies": {
                "@shopware-ag/admin-extension-sdk": "^3.0.15",
                "winston": "^2.4.7"
            }
        },
        "node_modules/@shopware-ag/admin-extension-sdk": {
            "version": "3.0.15",
            "resolved": "https://registry.npmjs.org/@shopware-ag/admin-extension-sdk/-/admin-extension-sdk-3.0.15.tgz",
            "integrity": "sha512-wxTGR0nkKA0Q48SYCuFS7pb37wbChsmlOTxzYkGDPzGO/Kg8dyUef9misDXj1+1/v8zMw2oxCA+zqCsTl+4G5g==",
            "dev": true,
            "license": "MIT",
            "dependencies": {
                "localforage": "^1.10.0",
                "lodash": "^4.17.21"
            }
        },
        "node_modules/async": {
            "version": "2.6.4",
            "resolved": "https://registry.npmjs.org/async/-/async-2.6.4.tgz",
            "integrity": "sha512-mzo5dfJYwAn29PeiJ0zvwTo04zj8HDJj0Mn8TD7sno7q12prdbnasKJHhkm2c1LgrhlJ0teaea8860oxi51mGA==",
            "dev": true,
            "license": "MIT",
            "dependencies": {
                "lodash": "^4.17.14"
            }
        },
        "node_modules/colors": {
            "version": "1.0.3",
            "resolved": "https://registry.npmjs.org/colors/-/colors-1.0.3.tgz",
            "integrity": "sha512-pFGrxThWcWQ2MsAz6RtgeWe4NK2kUE1WfsrvvlctdII745EW9I0yflqhe7++M5LEc7bV2c/9/5zc8sFcpL0Drw==",
            "dev": true,
            "license": "MIT",
            "engines": {
                "node": ">=0.1.90"
            }
        },
        "node_modules/cycle": {
            "version": "1.0.3",
            "resolved": "https://registry.npmjs.org/cycle/-/cycle-1.0.3.tgz",
            "integrity": "sha512-TVF6svNzeQCOpjCqsy0/CSy8VgObG3wXusJ73xW2GbG5rGx7lC8zxDSURicsXI2UsGdi2L0QNRCi745/wUDvsA==",
            "dev": true,
            "engines": {
                "node": ">=0.4.0"
            }
        },
        "node_modules/eyes": {
            "version": "0.1.8",
            "resolved": "https://registry.npmjs.org/eyes/-/eyes-0.1.8.tgz",
            "integrity": "sha512-GipyPsXO1anza0AOZdy69Im7hGFCNB7Y/NGjDlZGJ3GJJLtwNSb2vrzYrTYJRrRloVx7pl+bhUaTB8yiccPvFQ==",
            "dev": true,
            "engines": {
                "node": "> 0.1.90"
            }
        },
        "node_modules/immediate": {
            "version": "3.0.6",
            "resolved": "https://registry.npmjs.org/immediate/-/immediate-3.0.6.tgz",
            "integrity": "sha512-XXOFtyqDjNDAQxVfYxuF7g9Il/IbWmmlQg2MYKOH8ExIT1qg6xc4zyS3HaEEATgs1btfzxq15ciUiY7gjSXRGQ==",
            "dev": true,
            "license": "MIT"
        },
        "node_modules/isstream": {
            "version": "0.1.2",
            "resolved": "https://registry.npmjs.org/isstream/-/isstream-0.1.2.tgz",
            "integrity": "sha512-Yljz7ffyPbrLpLngrMtZ7NduUgVvi6wG9RJ9IUcyCd59YQ911PBJphODUcbOVbqYfxe1wuYf/LJ8PauMRwsM/g==",
            "dev": true,
            "license": "MIT"
        },
        "node_modules/lie": {
            "version": "3.1.1",
            "resolved": "https://registry.npmjs.org/lie/-/lie-3.1.1.tgz",
            "integrity": "sha512-RiNhHysUjhrDQntfYSfY4MU24coXXdEOgw9WGcKHNeEwffDYbF//u87M1EWaMGzuFoSbqW0C9C6lEEhDOAswfw==",
            "dev": true,
            "license": "MIT",
            "dependencies": {
                "immediate": "~3.0.5"
            }
        },
        "node_modules/localforage": {
            "version": "1.10.0",
            "resolved": "https://registry.npmjs.org/localforage/-/localforage-1.10.0.tgz",
            "integrity": "sha512-14/H1aX7hzBBmmh7sGPd+AOMkkIrHM3Z1PAyGgZigA1H1p5O5ANnMyWzvpAETtG68/dC4pC0ncy3+PPGzXZHPg==",
            "dev": true,
            "license": "Apache-2.0",
            "dependencies": {
                "lie": "3.1.1"
            }
        },
        "node_modules/lodash": {
            "version": "4.17.21",
            "resolved": "https://registry.npmjs.org/lodash/-/lodash-4.17.21.tgz",
            "integrity": "sha512-v2kDEe57lecTulaDIuNTPy3Ry4gLGJ6Z1O3vE1krgXZNrsQ+LFTGHVxVjcXPs17LhbZVGedAJv8XZ1tvj5FvSg==",
            "dev": true,
            "license": "MIT"
        },
        "node_modules/stack-trace": {
            "version": "0.0.10",
            "resolved": "https://registry.npmjs.org/stack-trace/-/stack-trace-0.0.10.tgz",
            "integrity": "sha512-KGzahc7puUKkzyMt+IqAep+TVNbKP+k2Lmwhub39m1AsTSkaDutx56aDCo+HLDzf/D26BIHTJWNiTG1KAJiQCg==",
            "dev": true,
            "license": "MIT",
            "engines": {
                "node": "*"
            }
        },
        "node_modules/winston": {
            "version": "2.4.7",
            "resolved": "https://registry.npmjs.org/winston/-/winston-2.4.7.tgz",
            "integrity": "sha512-vLB4BqzCKDnnZH9PHGoS2ycawueX4HLqENXQitvFHczhgW2vFpSOn31LZtVr1KU8YTw7DS4tM+cqyovxo8taVg==",
            "dev": true,
            "license": "MIT",
            "dependencies": {
                "async": "^2.6.4",
                "colors": "1.0.x",
                "cycle": "1.0.x",
                "eyes": "0.1.x",
                "isstream": "0.1.x",
                "stack-trace": "0.0.x"
            },
            "engines": {
                "node": ">= 0.10.0"
            }
        }
    }
}
